
Microsoft Visual Studio Solution File, Format Version 12.00
# Visual Studio Version 16
VisualStudioVersion = 16.0.29728.190
MinimumVisualStudioVersion = 10.0.40219.1
Project("{FAE04EC0-301F-11D3-BF4B-00C04F79EFBC}") = "HalterExercise", "HalterExercise.csproj", "{D17D535E-4FE8-434E-A8A5-1C414A481379}"
EndProject
Project("{FAE04EC0-301F-11D3-BF4B-00C04F79EFBC}") = "HalterExercise.Test", "HalterExercise.Test\HalterExercise.Test.csproj", "{77C33876-1FF3-44EF-8AAD-0667FD9494D1}"
EndProject
Global
	GlobalSection(SolutionConfigurationPlatforms) = preSolution
		Debug|Any CPU = Debug|Any CPU
		Release|Any CPU = Release|Any CPU
	EndGlobalSection
	GlobalSection(ProjectConfigurationPlatforms) = postSolution
		{D17D535E-4FE8-434E-A8A5-1C414A481379}.Debug|Any CPU.ActiveCfg = Debug|Any CPU
		{D17D535E-4FE8-434E-A8A5-1C414A481379}.Debug|Any CPU.Build.0 = Debug|Any CPU
		{D17D535E-4FE8-434E-A8A5-1C414A481379}.Release|Any CPU.ActiveCfg = Release|Any CPU
		{D17D535E-4FE8-434E-A8A5-1C414A481379}.Release|Any CPU.Build.0 = Release|Any CPU
		{77C33876-1FF3-44EF-8AAD-0667FD9494D1}.Debug|Any CPU.ActiveCfg = Debug|Any CPU
		{77C33876-1FF3-44EF-8AAD-0667FD9494D1}.Debug|Any CPU.Build.0 = Debug|Any CPU
		{77C33876-1FF3-44EF-8AAD-0667FD9494D1}.Release|Any CPU.ActiveCfg = Release|Any CPU
		{77C33876-1FF3-44EF-8AAD-0667FD9494D1}.Release|Any CPU.Build.0 = Release|Any CPU
	EndGlobalSection
	GlobalSection(SolutionProperties) = preSolution
		HideSolutionNode = FALSE
	EndGlobalSection
	GlobalSection(ExtensibilityGlobals) = postSolution
		SolutionGuid = {AD8BA9C9-8A80-4DAF-975C-6D1AF48B5B16}
	EndGlobalSection
EndGlobal
